
Microsoft Visual Studio Solution File, Format Version 12.00
Project("{2150E333-8FDC-42A3-9474-1A3956D46DE8}") = "1 - RabbitMQ.Client", "1 - RabbitMQ.Client", "{08305289-3D7C-4A7D-ADAD-0F76B58B8231}"
EndProject
Project("{FAE04EC0-301F-11D3-BF4B-00C04F79EFBC}") = "RabbitMQ.Console", "RabbitMQ.Console\RabbitMQ.Console.csproj", "{37FBE91A-8D4B-4F31-83C1-CACE2BF6B3A6}"
EndProject
Project("{2150E333-8FDC-42A3-9474-1A3956D46DE8}") = "2 - EasyNetQ", "2 - EasyNetQ", "{A05529E2-D27F-44D5-92B7-5A47828E2CD3}"
EndProject
Project("{FAE04EC0-301F-11D3-BF4B-00C04F79EFBC}") = "EasyNetQ.Console", "EasyNetQ.Console\EasyNetQ.Console.csproj", "{B65A14AE-F4C2-42D0-BFB7-E503B72E5345}"
EndProject
Project("{FAE04EC0-301F-11D3-BF4B-00C04F79EFBC}") = "RabbitMQClient.Publish.API", "RabbitMQClient.Publish.API\RabbitMQClient.Publish.API.csproj", "{BAEEE228-69F9-4FC5-BBD5-3195CCD45E33}"
EndProject
Project("{FAE04EC0-301F-11D3-BF4B-00C04F79EFBC}") = "MessagingEvents.Shared", "MessagingEvents.Shared\MessagingEvents.Shared.csproj", "{FEED1695-7BCC-44FC-AAA5-F4805AC7DA66}"
EndProject
Project("{FAE04EC0-301F-11D3-BF4B-00C04F79EFBC}") = "RabbitMQClient.Subscriber.API", "RabbitMQClient.Subscriber.API\RabbitMQClient.Subscriber.API.csproj", "{07D8F5C6-BDFE-4B36-AB45-4B8317477EC0}"
EndProject
Project("{FAE04EC0-301F-11D3-BF4B-00C04F79EFBC}") = "EasyNetQ.Publish.API", "EasyNetQ.Publish.API\EasyNetQ.Publish.API.csproj", "{394479F5-381D-46FE-926B-C90B6091569A}"
EndProject
Project("{2150E333-8FDC-42A3-9474-1A3956D46DE8}") = "MessagingEvents.Shared", "MessagingEvents.Shared", "{E60B3D22-CFED-4388-A7A2-BEFA0E11372F}"
EndProject
Project("{FAE04EC0-301F-11D3-BF4B-00C04F79EFBC}") = "EasyNetQ.Subscriber.API", "EasyNetQ.Subscriber.API\EasyNetQ.Subscriber.API.csproj", "{D247E3B3-DEC4-48F4-B023-BE7647827788}"
EndProject
Project("{2150E333-8FDC-42A3-9474-1A3956D46DE8}") = "3 - MassTransit", "3 - MassTransit", "{DB25C652-9034-4579-9806-E761899E5D9B}"
EndProject
Project("{FAE04EC0-301F-11D3-BF4B-00C04F79EFBC}") = "MassTransit.Publish.API", "MassTransit.Publish.API\MassTransit.Publish.API.csproj", "{2D193667-432F-418C-87D2-B1C02396CB4F}"
EndProject
Project("{FAE04EC0-301F-11D3-BF4B-00C04F79EFBC}") = "MassTransit.Subscriber.API", "MassTransit.Subscriber.API\MassTransit.Subscriber.API.csproj", "{C8965FD8-3A1E-4BC3-9E09-50112AF2D6D7}"
EndProject
Global
	GlobalSection(SolutionConfigurationPlatforms) = preSolution
		Debug|Any CPU = Debug|Any CPU
		Release|Any CPU = Release|Any CPU
	EndGlobalSection
	GlobalSection(NestedProjects) = preSolution
		{37FBE91A-8D4B-4F31-83C1-CACE2BF6B3A6} = {08305289-3D7C-4A7D-ADAD-0F76B58B8231}
		{B65A14AE-F4C2-42D0-BFB7-E503B72E5345} = {A05529E2-D27F-44D5-92B7-5A47828E2CD3}
		{BAEEE228-69F9-4FC5-BBD5-3195CCD45E33} = {08305289-3D7C-4A7D-ADAD-0F76B58B8231}
		{07D8F5C6-BDFE-4B36-AB45-4B8317477EC0} = {08305289-3D7C-4A7D-ADAD-0F76B58B8231}
		{394479F5-381D-46FE-926B-C90B6091569A} = {A05529E2-D27F-44D5-92B7-5A47828E2CD3}
		{FEED1695-7BCC-44FC-AAA5-F4805AC7DA66} = {E60B3D22-CFED-4388-A7A2-BEFA0E11372F}
		{D247E3B3-DEC4-48F4-B023-BE7647827788} = {A05529E2-D27F-44D5-92B7-5A47828E2CD3}
		{2D193667-432F-418C-87D2-B1C02396CB4F} = {DB25C652-9034-4579-9806-E761899E5D9B}
		{C8965FD8-3A1E-4BC3-9E09-50112AF2D6D7} = {DB25C652-9034-4579-9806-E761899E5D9B}
	EndGlobalSection
	GlobalSection(ProjectConfigurationPlatforms) = postSolution
		{37FBE91A-8D4B-4F31-83C1-CACE2BF6B3A6}.Debug|Any CPU.ActiveCfg = Debug|Any CPU
		{37FBE91A-8D4B-4F31-83C1-CACE2BF6B3A6}.Debug|Any CPU.Build.0 = Debug|Any CPU
		{37FBE91A-8D4B-4F31-83C1-CACE2BF6B3A6}.Release|Any CPU.ActiveCfg = Release|Any CPU
		{37FBE91A-8D4B-4F31-83C1-CACE2BF6B3A6}.Release|Any CPU.Build.0 = Release|Any CPU
		{B65A14AE-F4C2-42D0-BFB7-E503B72E5345}.Debug|Any CPU.ActiveCfg = Debug|Any CPU
		{B65A14AE-F4C2-42D0-BFB7-E503B72E5345}.Debug|Any CPU.Build.0 = Debug|Any CPU
		{B65A14AE-F4C2-42D0-BFB7-E503B72E5345}.Release|Any CPU.ActiveCfg = Release|Any CPU
		{B65A14AE-F4C2-42D0-BFB7-E503B72E5345}.Release|Any CPU.Build.0 = Release|Any CPU
		{BAEEE228-69F9-4FC5-BBD5-3195CCD45E33}.Debug|Any CPU.ActiveCfg = Debug|Any CPU
		{BAEEE228-69F9-4FC5-BBD5-3195CCD45E33}.Debug|Any CPU.Build.0 = Debug|Any CPU
		{BAEEE228-69F9-4FC5-BBD5-3195CCD45E33}.Release|Any CPU.ActiveCfg = Release|Any CPU
		{BAEEE228-69F9-4FC5-BBD5-3195CCD45E33}.Release|Any CPU.Build.0 = Release|Any CPU
		{FEED1695-7BCC-44FC-AAA5-F4805AC7DA66}.Debug|Any CPU.ActiveCfg = Debug|Any CPU
		{FEED1695-7BCC-44FC-AAA5-F4805AC7DA66}.Debug|Any CPU.Build.0 = Debug|Any CPU
		{FEED1695-7BCC-44FC-AAA5-F4805AC7DA66}.Release|Any CPU.ActiveCfg = Release|Any CPU
		{FEED1695-7BCC-44FC-AAA5-F4805AC7DA66}.Release|Any CPU.Build.0 = Release|Any CPU
		{07D8F5C6-BDFE-4B36-AB45-4B8317477EC0}.Debug|Any CPU.ActiveCfg = Debug|Any CPU
		{07D8F5C6-BDFE-4B36-AB45-4B8317477EC0}.Debug|Any CPU.Build.0 = Debug|Any CPU
		{07D8F5C6-BDFE-4B36-AB45-4B8317477EC0}.Release|Any CPU.ActiveCfg = Release|Any CPU
		{07D8F5C6-BDFE-4B36-AB45-4B8317477EC0}.Release|Any CPU.Build.0 = Release|Any CPU
		{394479F5-381D-46FE-926B-C90B6091569A}.Debug|Any CPU.ActiveCfg = Debug|Any CPU
		{394479F5-381D-46FE-926B-C90B6091569A}.Debug|Any CPU.Build.0 = Debug|Any CPU
		{394479F5-381D-46FE-926B-C90B6091569A}.Release|Any CPU.ActiveCfg = Release|Any CPU
		{394479F5-381D-46FE-926B-C90B6091569A}.Release|Any CPU.Build.0 = Release|Any CPU
		{D247E3B3-DEC4-48F4-B023-BE7647827788}.Debug|Any CPU.ActiveCfg = Debug|Any CPU
		{D247E3B3-DEC4-48F4-B023-BE7647827788}.Debug|Any CPU.Build.0 = Debug|Any CPU
		{D247E3B3-DEC4-48F4-B023-BE7647827788}.Release|Any CPU.ActiveCfg = Release|Any CPU
		{D247E3B3-DEC4-48F4-B023-BE7647827788}.Release|Any CPU.Build.0 = Release|Any CPU
		{2D193667-432F-418C-87D2-B1C02396CB4F}.Debug|Any CPU.ActiveCfg = Debug|Any CPU
		{2D193667-432F-418C-87D2-B1C02396CB4F}.Debug|Any CPU.Build.0 = Debug|Any CPU
		{2D193667-432F-418C-87D2-B1C02396CB4F}.Release|Any CPU.ActiveCfg = Release|Any CPU
		{2D193667-432F-418C-87D2-B1C02396CB4F}.Release|Any CPU.Build.0 = Release|Any CPU
		{C8965FD8-3A1E-4BC3-9E09-50112AF2D6D7}.Debug|Any CPU.ActiveCfg = Debug|Any CPU
		{C8965FD8-3A1E-4BC3-9E09-50112AF2D6D7}.Debug|Any CPU.Build.0 = Debug|Any CPU
		{C8965FD8-3A1E-4BC3-9E09-50112AF2D6D7}.Release|Any CPU.ActiveCfg = Release|Any CPU
		{C8965FD8-3A1E-4BC3-9E09-50112AF2D6D7}.Release|Any CPU.Build.0 = Release|Any CPU
	EndGlobalSection
EndGlobal
